// !$*UTF8*$!
{
	archiveVersion = 1;
	classes = {
	};
	objectVersion = 46;
	objects = {

/* Begin PBXBuildFile section */
		C9CE2F841653C91200DC5A8D /* UIKit.framework in Frameworks */ = {isa = PBXBuildFile; fileRef = C9CE2F831653C91200DC5A8D /* UIKit.framework */; };
		C9CE2F861653C91200DC5A8D /* Foundation.framework in Frameworks */ = {isa = PBXBuildFile; fileRef = C9CE2F851653C91200DC5A8D /* Foundation.framework */; };
		C9CE2F881653C91200DC5A8D /* CoreGraphics.framework in Frameworks */ = {isa = PBXBuildFile; fileRef = C9CE2F871653C91200DC5A8D /* CoreGraphics.framework */; };
		C9CE2F8E1653C91200DC5A8D /* InfoPlist.strings in Resources */ = {isa = PBXBuildFile; fileRef = C9CE2F8C1653C91200DC5A8D /* InfoPlist.strings */; };
		C9CE2F901653C91200DC5A8D /* main.m in Sources */ = {isa = PBXBuildFile; fileRef = C9CE2F8F1653C91200DC5A8D /* main.m */; };
		C9CE2F941653C91200DC5A8D /* PSYAppDelegate.m in Sources */ = {isa = PBXBuildFile; fileRef = C9CE2F931653C91200DC5A8D /* PSYAppDelegate.m */; };
		C9CE2F961653C91200DC5A8D /* Default.png in Resources */ = {isa = PBXBuildFile; fileRef = C9CE2F951653C91200DC5A8D /* Default.png */; };
		C9CE2F981653C91200DC5A8D /* Default@2x.png in Resources */ = {isa = PBXBuildFile; fileRef = C9CE2F971653C91200DC5A8D /* Default@2x.png */; };
		C9CE2F9A1653C91200DC5A8D /* Default-568h@2x.png in Resources */ = {isa = PBXBuildFile; fileRef = C9CE2F991653C91200DC5A8D /* Default-568h@2x.png */; };
		C9CE2F9D1653C91200DC5A8D /* PSYViewController.m in Sources */ = {isa = PBXBuildFile; fileRef = C9CE2F9C1653C91200DC5A8D /* PSYViewController.m */; };
		C9CE2FA81653C94000DC5A8D /* UITableView+GangnamStyle.m in Sources */ = {isa = PBXBuildFile; fileRef = C9CE2FA71653C94000DC5A8D /* UITableView+GangnamStyle.m */; };
/* End PBXBuildFile section */

/* Begin PBXFileReference section */
		C9CE2F7F1653C91200DC5A8D /* GangnamStyle.app */ = {isa = PBXFileReference; explicitFileType = wrapper.application; includeInIndex = 0; path = GangnamStyle.app; sourceTree = BUILT_PRODUCTS_DIR; };
		C9CE2F831653C91200DC5A8D /* UIKit.framework */ = {isa = PBXFileReference; lastKnownFileType = wrapper.framework; name = UIKit.framework; path = System/Library/Frameworks/UIKit.framework; sourceTree = SDKROOT; };
		C9CE2F851653C91200DC5A8D /* Foundation.framework */ = {isa = PBXFileReference; lastKnownFileType = wrapper.framework; name = Foundation.framework; path = System/Library/Frameworks/Foundation.framework; sourceTree = SDKROOT; };
		C9CE2F871653C91200DC5A8D /* CoreGraphics.framework */ = {isa = PBXFileReference; lastKnownFileType = wrapper.framework; name = CoreGraphics.framework; path = System/Library/Frameworks/CoreGraphics.framework; sourceTree = SDKROOT; };
		C9CE2F8B1653C91200DC5A8D /* GangnamStyle-Info.plist */ = {isa = PBXFileReference; lastKnownFileType = text.plist.xml; path = "GangnamStyle-Info.plist"; sourceTree = "<group>"; };
		C9CE2F8D1653C91200DC5A8D /* en */ = {isa = PBXFileReference; lastKnownFileType = text.plist.strings; name = en; path = en.lproj/InfoPlist.strings; sourceTree = "<group>"; };
		C9CE2F8F1653C91200DC5A8D /* main.m */ = {isa = PBXFileReference; lastKnownFileType = sourcecode.c.objc; path = main.m; sourceTree = "<group>"; };
		C9CE2F911653C91200DC5A8D /* GangnamStyle-Prefix.pch */ = {isa = PBXFileReference; lastKnownFileType = sourcecode.c.h; path = "GangnamStyle-Prefix.pch"; sourceTree = "<group>"; };
		C9CE2F921653C91200DC5A8D /* PSYAppDelegate.h */ = {isa = PBXFileReference; lastKnownFileType = sourcecode.c.h; path = PSYAppDelegate.h; sourceTree = "<group>"; };
		C9CE2F931653C91200DC5A8D /* PSYAppDelegate.m */ = {isa = PBXFileReference; lastKnownFileType = sourcecode.c.objc; path = PSYAppDelegate.m; sourceTree = "<group>"; };
		C9CE2F951653C91200DC5A8D /* Default.png */ = {isa = PBXFileReference; lastKnownFileType = image.png; path = Default.png; sourceTree = "<group>"; };
		C9CE2F971653C91200DC5A8D /* Default@2x.png */ = {isa = PBXFileReference; lastKnownFileType = image.png; path = "Default@2x.png"; sourceTree = "<group>"; };
		C9CE2F991653C91200DC5A8D /* Default-568h@2x.png */ = {isa = PBXFileReference; lastKnownFileType = image.png; path = "Default-568h@2x.png"; sourceTree = "<group>"; };
		C9CE2F9B1653C91200DC5A8D /* PSYViewController.h */ = {isa = PBXFileReference; lastKnownFileType = sourcecode.c.h; path = PSYViewController.h; sourceTree = "<group>"; };
		C9CE2F9C1653C91200DC5A8D /* PSYViewController.m */ = {isa = PBXFileReference; lastKnownFileType = sourcecode.c.objc; path = PSYViewController.m; sourceTree = "<group>"; };
		C9CE2FA61653C94000DC5A8D /* UITableView+GangnamStyle.h */ = {isa = PBXFileReference; fileEncoding = 4; lastKnownFileType = sourcecode.c.h; name = "UITableView+GangnamStyle.h"; path = "../../UITableView+GangnamStyle.h"; sourceTree = "<group>"; };
		C9CE2FA71653C94000DC5A8D /* UITableView+GangnamStyle.m */ = {isa = PBXFileReference; fileEncoding = 4; lastKnownFileType = sourcecode.c.objc; name = "UITableView+GangnamStyle.m"; path = "../../UITableView+GangnamStyle.m"; sourceTree = "<group>"; };
/* End PBXFileReference section */

/* Begin PBXFrameworksBuildPhase section */
		C9CE2F7C1653C91200DC5A8D /* Frameworks */ = {
			isa = PBXFrameworksBuildPhase;
			buildActionMask = 2147483647;
			files = (
				C9CE2F841653C91200DC5A8D /* UIKit.framework in Frameworks */,
				C9CE2F861653C91200DC5A8D /* Foundation.framework in Frameworks */,
				C9CE2F881653C91200DC5A8D /* CoreGraphics.framework in Frameworks */,
			);
			runOnlyForDeploymentPostprocessing = 0;
		};
/* End PBXFrameworksBuildPhase section */

/* Begin PBXGroup section */
		C9CE2F741653C91100DC5A8D = {
			isa = PBXGroup;
			children = (
				C9CE2F891653C91200DC5A8D /* GangnamStyle */,
				C9CE2F821653C91200DC5A8D /* Frameworks */,
				C9CE2F801653C91200DC5A8D /* Products */,
			);
			sourceTree = "<group>";
		};
		C9CE2F801653C91200DC5A8D /* Products */ = {
			isa = PBXGroup;
			children = (
				C9CE2F7F1653C91200DC5A8D /* GangnamStyle.app */,
			);
			name = Products;
			sourceTree = "<group>";
		};
		C9CE2F821653C91200DC5A8D /* Frameworks */ = {
			isa = PBXGroup;
			children = (
				C9CE2F831653C91200DC5A8D /* UIKit.framework */,
				C9CE2F851653C91200DC5A8D /* Foundation.framework */,
				C9CE2F871653C91200DC5A8D /* CoreGraphics.framework */,
			);
			name = Frameworks;
			sourceTree = "<group>";
		};
		C9CE2F891653C91200DC5A8D /* GangnamStyle */ = {
			isa = PBXGroup;
			children = (
				C9CE2FA61653C94000DC5A8D /* UITableView+GangnamStyle.h */,
				C9CE2FA71653C94000DC5A8D /* UITableView+GangnamStyle.m */,
				C9CE2F921653C91200DC5A8D /* PSYAppDelegate.h */,
				C9CE2F931653C91200DC5A8D /* PSYAppDelegate.m */,
				C9CE2F9B1653C91200DC5A8D /* PSYViewController.h */,
				C9CE2F9C1653C91200DC5A8D /* PSYViewController.m */,
				C9CE2F8A1653C91200DC5A8D /* Supporting Files */,
			);
			path = GangnamStyle;
			sourceTree = "<group>";
		};
		C9CE2F8A1653C91200DC5A8D /* Supporting Files */ = {
			isa = PBXGroup;
			children = (
				C9CE2F8B1653C91200DC5A8D /* GangnamStyle-Info.plist */,
				C9CE2F8C1653C91200DC5A8D /* InfoPlist.strings */,
				C9CE2F8F1653C91200DC5A8D /* main.m */,
				C9CE2F911653C91200DC5A8D /* GangnamStyle-Prefix.pch */,
				C9CE2F951653C91200DC5A8D /* Default.png */,
				C9CE2F971653C91200DC5A8D /* Default@2x.png */,
				C9CE2F991653C91200DC5A8D /* Default-568h@2x.png */,
			);
			name = "Supporting Files";
			sourceTree = "<group>";
		};
/* End PBXGroup section */

/* Begin PBXNativeTarget section */
		C9CE2F7E1653C91200DC5A8D /* GangnamStyle */ = {
			isa = PBXNativeTarget;
			buildConfigurationList = C9CE2FA31653C91200DC5A8D /* Build configuration list for PBXNativeTarget "GangnamStyle" */;
			buildPhases = (
				C9CE2F7B1653C91200DC5A8D /* Sources */,
				C9CE2F7C1653C91200DC5A8D /* Frameworks */,
				C9CE2F7D1653C91200DC5A8D /* Resources */,
			);
			buildRules = (
			);
			dependencies = (
			);
			name = GangnamStyle;
			productName = GangnamStyle;
			productReference = C9CE2F7F1653C91200DC5A8D /* GangnamStyle.app */;
			productType = "com.apple.product-type.application";
		};
/* End PBXNativeTarget section */

/* Begin PBXProject section */
		C9CE2F761653C91100DC5A8D /* Project object */ = {
			isa = PBXProject;
			attributes = {
				CLASSPREFIX = PSY;
				LastUpgradeCheck = 0450;
				ORGANIZATIONNAME = "Matthew Robinson";
			};
			buildConfigurationList = C9CE2F791653C91200DC5A8D /* Build configuration list for PBXProject "GangnamStyle" */;
			compatibilityVersion = "Xcode 3.2";
			developmentRegion = English;
			hasScannedForEncodings = 0;
			knownRegions = (
				en,
			);
			mainGroup = C9CE2F741653C91100DC5A8D;
			productRefGroup = C9CE2F801653C91200DC5A8D /* Products */;
			projectDirPath = "";
			projectRoot = "";
			targets = (
				C9CE2F7E1653C91200DC5A8D /* GangnamStyle */,
			);
		};
/* End PBXProject section */

/* Begin PBXResourcesBuildPhase section */
		C9CE2F7D1653C91200DC5A8D /* Resources */ = {
			isa = PBXResourcesBuildPhase;
			buildActionMask = 2147483647;
			files = (
				C9CE2F8E1653C91200DC5A8D /* InfoPlist.strings in Resources */,
				C9CE2F961653C91200DC5A8D /* Default.png in Resources */,
				C9CE2F981653C91200DC5A8D /* Default@2x.png in Resources */,
				C9CE2F9A1653C91200DC5A8D /* Default-568h@2x.png in Resources */,
			);
			runOnlyForDeploymentPostprocessing = 0;
		};
/* End PBXResourcesBuildPhase section */

/* Begin PBXSourcesBuildPhase section */
		C9CE2F7B1653C91200DC5A8D /* Sources */ = {
			isa = PBXSourcesBuildPhase;
			buildActionMask = 2147483647;
			files = (
				C9CE2F901653C91200DC5A8D /* main.m in Sources */,
				C9CE2F941653C91200DC5A8D /* PSYAppDelegate.m in Sources */,
				C9CE2F9D1653C91200DC5A8D /* PSYViewController.m in Sources */,
				C9CE2FA81653C94000DC5A8D /* UITableView+GangnamStyle.m in Sources */,
			);
			runOnlyForDeploymentPostprocessing = 0;
		};
/* End PBXSourcesBuildPhase section */

/* Begin PBXVariantGroup section */
		C9CE2F8C1653C91200DC5A8D /* InfoPlist.strings */ = {
			isa = PBXVariantGroup;
			children = (
				C9CE2F8D1653C91200DC5A8D /* en */,
			);
			name = InfoPlist.strings;
			sourceTree = "<group>";
		};
/* End PBXVariantGroup section */

/* Begin XCBuildConfiguration section */
		C9CE2FA11653C91200DC5A8D /* Debug */ = {
			isa = XCBuildConfiguration;
			buildSettings = {
				ALWAYS_SEARCH_USER_PATHS = NO;
				CLANG_CXX_LANGUAGE_STANDARD = "gnu++0x";
				CLANG_CXX_LIBRARY = "libc++";
				CLANG_WARN_EMPTY_BODY = YES;
				CLANG_WARN__DUPLICATE_METHOD_MATCH = YES;
				"CODE_SIGN_IDENTITY[sdk=iphoneos*]" = "iPhone Developer";
				COPY_PHASE_STRIP = NO;
				GCC_C_LANGUAGE_STANDARD = gnu99;
				GCC_DYNAMIC_NO_PIC = NO;
				GCC_OPTIMIZATION_LEVEL = 0;
				GCC_PREPROCESSOR_DEFINITIONS = (
					"DEBUG=1",
					"$(inherited)",
				);
				GCC_SYMBOLS_PRIVATE_EXTERN = NO;
				GCC_WARN_ABOUT_RETURN_TYPE = YES;
				GCC_WARN_UNINITIALIZED_AUTOS = YES;
				GCC_WARN_UNUSED_VARIABLE = YES;
				IPHONEOS_DEPLOYMENT_TARGET = 6.0;
				ONLY_ACTIVE_ARCH = YES;
				SDKROOT = iphoneos;
			};
			name = Debug;
		};
		C9CE2FA21653C91200DC5A8D /* Release */ = {
			isa = XCBuildConfiguration;
			buildSettings = {
				ALWAYS_SEARCH_USER_PATHS = NO;
				CLANG_CXX_LANGUAGE_STANDARD = "gnu++0x";
				CLANG_CXX_LIBRARY = "libc++";
				CLANG_WARN_EMPTY_BODY = YES;
				CLANG_WARN__DUPLICATE_METHOD_MATCH = YES;
				"CODE_SIGN_IDENTITY[sdk=iphoneos*]" = "iPhone Developer";
				COPY_PHASE_STRIP = YES;
				GCC_C_LANGUAGE_STANDARD = gnu99;
				GCC_WARN_ABOUT_RETURN_TYPE = YES;
				GCC_WARN_UNINITIALIZED_AUTOS = YES;
				GCC_WARN_UNUSED_VARIABLE = YES;
				IPHONEOS_DEPLOYMENT_TARGET = 6.0;
				OTHER_CFLAGS = "-DNS_BLOCK_ASSERTIONS=1";
				SDKROOT = iphoneos;
				VALIDATE_PRODUCT = YES;
			};
			name = Release;
		};
		C9CE2FA41653C91200DC5A8D /* Debug */ = {
			isa = XCBuildConfiguration;
			buildSettings = {
				CLANG_ENABLE_OBJC_ARC = YES;
				GCC_PRECOMPILE_PREFIX_HEADER = YES;
				GCC_PREFIX_HEADER = "GangnamStyle/GangnamStyle-Prefix.pch";
				INFOPLIST_FILE = "GangnamStyle/GangnamStyle-Info.plist";
				PRODUCT_NAME = "$(TARGET_NAME)";
				WRAPPER_EXTENSION = app;
			};
			name = Debug;
		};
		C9CE2FA51653C91200DC5A8D /* Release */ = {
			isa = XCBuildConfiguration;
			buildSettings = {
				CLANG_ENABLE_OBJC_ARC = YES;
				GCC_PRECOMPILE_PREFIX_HEADER = YES;
				GCC_PREFIX_HEADER = "GangnamStyle/GangnamStyle-Prefix.pch";
				INFOPLIST_FILE = "GangnamStyle/GangnamStyle-Info.plist";
				PRODUCT_NAME = "$(TARGET_NAME)";
				WRAPPER_EXTENSION = app;
			};
			name = Release;
		};
/* End XCBuildConfiguration section */

/* Begin XCConfigurationList section */
		C9CE2F791653C91200DC5A8D /* Build configuration list for PBXProject "GangnamStyle" */ = {
			isa = XCConfigurationList;
			buildConfigurations = (
				C9CE2FA11653C91200DC5A8D /* Debug */,
				C9CE2FA21653C91200DC5A8D /* Release */,
			);
			defaultConfigurationIsVisible = 0;
			defaultConfigurationName = Release;
		};
		C9CE2FA31653C91200DC5A8D /* Build configuration list for PBXNativeTarget "GangnamStyle" */ = {
			isa = XCConfigurationList;
			buildConfigurations = (
				C9CE2FA41653C91200DC5A8D /* Debug */,
				C9CE2FA51653C91200DC5A8D /* Release */,
			);
			defaultConfigurationIsVisible = 0;
			defaultConfigurationName = Release;
		};
/* End XCConfigurationList section */
	};
	rootObject = C9CE2F761653C91100DC5A8D /* Project object */;
}
